
Microsoft Visual Studio Solution File, Format Version 12.00
# Visual Studio 15
VisualStudioVersion = 15.0.27703.2047
MinimumVisualStudioVersion = 10.0.40219.1
Project("{FAE04EC0-301F-11D3-BF4B-00C04F79EFBC}") = "RetroArchPlaylistGenerator", "RetroArchPlaylistGenerator\RetroArchPlaylistGenerator.csproj", "{F8269CFD-B1C5-41A3-B522-F530560AE5A8}"
EndProject
Global
	GlobalSection(SolutionConfigurationPlatforms) = preSolution
		Debug|Any CPU = Debug|Any CPU
		Release|Any CPU = Release|Any CPU
	EndGlobalSection
	GlobalSection(ProjectConfigurationPlatforms) = postSolution
		{F8269CFD-B1C5-41A3-B522-F530560AE5A8}.Debug|Any CPU.ActiveCfg = Debug|Any CPU
		{F8269CFD-B1C5-41A3-B522-F530560AE5A8}.Debug|Any CPU.Build.0 = Debug|Any CPU
		{F8269CFD-B1C5-41A3-B522-F530560AE5A8}.Release|Any CPU.ActiveCfg = Release|Any CPU
		{F8269CFD-B1C5-41A3-B522-F530560AE5A8}.Release|Any CPU.Build.0 = Release|Any CPU
	EndGlobalSection
	GlobalSection(SolutionProperties) = preSolution
		HideSolutionNode = FALSE
	EndGlobalSection
	GlobalSection(ExtensibilityGlobals) = postSolution
		SolutionGuid = {09F0960F-72DF-4704-A801-3804A7C88D2F}
	EndGlobalSection
EndGlobal
